// !$*UTF8*$!
{
	archiveVersion = 1;
	classes = {
	};
	objectVersion = 46;
	objects = {

/* Begin PBXBuildFile section */
		0A34407E64E10FE72F0DAE24 /* Pods_CalorieCount.framework in Frameworks */ = {isa = PBXBuildFile; fileRef = 88C55B310F08CD7E0250B228 /* Pods_CalorieCount.framework */; };
		900596B61CFD0A25001E1321 /* DetailAnimationController.swift in Sources */ = {isa = PBXBuildFile; fileRef = 900596B51CFD0A25001E1321 /* DetailAnimationController.swift */; };
		9010A56C1D696228004A6C9D /* DIYListViewController.swift in Sources */ = {isa = PBXBuildFile; fileRef = 9010A56B1D696228004A6C9D /* DIYListViewController.swift */; };
		9010A56E1D696331004A6C9D /* EntryViewController.swift in Sources */ = {isa = PBXBuildFile; fileRef = 9010A56D1D696331004A6C9D /* EntryViewController.swift */; };
		902818261D0E351300A4E16A /* FavViewController.swift in Sources */ = {isa = PBXBuildFile; fileRef = 902818251D0E351300A4E16A /* FavViewController.swift */; };
		906535AB1D1DC870004F7514 /* LandscapeViewController.swift in Sources */ = {isa = PBXBuildFile; fileRef = 906535AA1D1DC870004F7514 /* LandscapeViewController.swift */; };
		9075BF5C1D0CB1FB00F57575 /* HudView.swift in Sources */ = {isa = PBXBuildFile; fileRef = 9075BF5B1D0CB1FB00F57575 /* HudView.swift */; };
		9087CEDB1CEB6AE0006A1C63 /* RecordTableViewController.swift in Sources */ = {isa = PBXBuildFile; fileRef = 9087CEDA1CEB6AE0006A1C63 /* RecordTableViewController.swift */; };
		908C41211D0B5FBA00C70A02 /* Assets.xcassets in Resources */ = {isa = PBXBuildFile; fileRef = 908C41151D0B5FBA00C70A02 /* Assets.xcassets */; };
		908C41221D0B5FBA00C70A02 /* LaunchScreen.storyboard in Resources */ = {isa = PBXBuildFile; fileRef = 908C41171D0B5FBA00C70A02 /* LaunchScreen.storyboard */; };
		908C41231D0B5FBA00C70A02 /* Main.storyboard in Resources */ = {isa = PBXBuildFile; fileRef = 908C41191D0B5FBA00C70A02 /* Main.storyboard */; };
		908C41251D0B5FBA00C70A02 /* Daily Calories.xcdatamodeld in Sources */ = {isa = PBXBuildFile; fileRef = 908C411D1D0B5FBA00C70A02 /* Daily Calories.xcdatamodeld */; };
		908C41261D0B5FBA00C70A02 /* EmptyCell.xib in Resources */ = {isa = PBXBuildFile; fileRef = 908C411F1D0B5FBA00C70A02 /* EmptyCell.xib */; };
		908C41271D0B5FBA00C70A02 /* MyAlertController.swift in Sources */ = {isa = PBXBuildFile; fileRef = 908C41201D0B5FBA00C70A02 /* MyAlertController.swift */; };
		90B8BC821CE397DE0083DF72 /* AppDelegate.swift in Sources */ = {isa = PBXBuildFile; fileRef = 90B8BC811CE397DE0083DF72 /* AppDelegate.swift */; };
		90B8BC841CE397DE0083DF72 /* CalorieCountViewController.swift in Sources */ = {isa = PBXBuildFile; fileRef = 90B8BC831CE397DE0083DF72 /* CalorieCountViewController.swift */; };
		90B8BC871CE397DE0083DF72 /* Main.storyboard in Resources */ = {isa = PBXBuildFile; fileRef = 90B8BC851CE397DE0083DF72 /* Main.storyboard */; };
		90B8BC8F1CE397DE0083DF72 /* LaunchScreen.storyboard in Resources */ = {isa = PBXBuildFile; fileRef = 90B8BC8D1CE397DE0083DF72 /* LaunchScreen.storyboard */; };
		90B8BC971CE39C740083DF72 /* FoodCell.xib in Resources */ = {isa = PBXBuildFile; fileRef = 90B8BC961CE39C740083DF72 /* FoodCell.xib */; };
		90B8BC991CE3D4010083DF72 /* FoodCell.swift in Sources */ = {isa = PBXBuildFile; fileRef = 90B8BC981CE3D4010083DF72 /* FoodCell.swift */; };
		90B8BC9B1CE3D8CD0083DF72 /* Food.swift in Sources */ = {isa = PBXBuildFile; fileRef = 90B8BC9A1CE3D8CD0083DF72 /* Food.swift */; };
		90B8BC9D1CE4035B0083DF72 /* NetworkGrab.swift in Sources */ = {isa = PBXBuildFile; fileRef = 90B8BC9C1CE4035B0083DF72 /* NetworkGrab.swift */; };
		90CD30CB1CFE30B60063A7B9 /* functions.swift in Sources */ = {isa = PBXBuildFile; fileRef = 90CD30CA1CFE30B60063A7B9 /* functions.swift */; };
		90D11A1D1CE6A737005F8E13 /* DetailViewController.swift in Sources */ = {isa = PBXBuildFile; fileRef = 90D11A1C1CE6A737005F8E13 /* DetailViewController.swift */; };
		90D11A1F1CE6ABBA005F8E13 /* DetailPresentationController.swift in Sources */ = {isa = PBXBuildFile; fileRef = 90D11A1E1CE6ABBA005F8E13 /* DetailPresentationController.swift */; };
		90D11A211CE788DF005F8E13 /* CoreDataStack.swift in Sources */ = {isa = PBXBuildFile; fileRef = 90D11A201CE788DF005F8E13 /* CoreDataStack.swift */; };
		90D11A291CE790EC005F8E13 /* Day+CoreDataProperties.swift in Sources */ = {isa = PBXBuildFile; fileRef = 90D11A251CE790EC005F8E13 /* Day+CoreDataProperties.swift */; };
		90D11A2A1CE790EC005F8E13 /* Day.swift in Sources */ = {isa = PBXBuildFile; fileRef = 90D11A261CE790EC005F8E13 /* Day.swift */; };
		90D11A2B1CE790EC005F8E13 /* ItemConsumed+CoreDataProperties.swift in Sources */ = {isa = PBXBuildFile; fileRef = 90D11A271CE790EC005F8E13 /* ItemConsumed+CoreDataProperties.swift */; };
		90D11A2C1CE790EC005F8E13 /* ItemConsumed.swift in Sources */ = {isa = PBXBuildFile; fileRef = 90D11A281CE790EC005F8E13 /* ItemConsumed.swift */; };
		90F5B8ED1CE8DD790089E72E /* DailyConsumeTableViewController.swift in Sources */ = {isa = PBXBuildFile; fileRef = 90F5B8EC1CE8DD790089E72E /* DailyConsumeTableViewController.swift */; };
/* End PBXBuildFile section */

/* Begin PBXFileReference section */
		18920808592885C4B3F94796 /* Pods-CalorieCount.debug.xcconfig */ = {isa = PBXFileReference; includeInIndex = 1; lastKnownFileType = text.xcconfig; name = "Pods-CalorieCount.debug.xcconfig"; path = "Pods/Target Support Files/Pods-CalorieCount/Pods-CalorieCount.debug.xcconfig"; sourceTree = "<group>"; };
		88C55B310F08CD7E0250B228 /* Pods_CalorieCount.framework */ = {isa = PBXFileReference; explicitFileType = wrapper.framework; includeInIndex = 0; path = Pods_CalorieCount.framework; sourceTree = BUILT_PRODUCTS_DIR; };
		900596B51CFD0A25001E1321 /* DetailAnimationController.swift */ = {isa = PBXFileReference; fileEncoding = 4; lastKnownFileType = sourcecode.swift; path = DetailAnimationController.swift; sourceTree = "<group>"; };
		9010A56B1D696228004A6C9D /* DIYListViewController.swift */ = {isa = PBXFileReference; fileEncoding = 4; lastKnownFileType = sourcecode.swift; path = DIYListViewController.swift; sourceTree = "<group>"; };
		9010A56D1D696331004A6C9D /* EntryViewController.swift */ = {isa = PBXFileReference; fileEncoding = 4; lastKnownFileType = sourcecode.swift; path = EntryViewController.swift; sourceTree = "<group>"; };
		902818241D0E1C1D00A4E16A /* Daily Calories 2.xcdatamodel */ = {isa = PBXFileReference; lastKnownFileType = wrapper.xcdatamodel; path = "Daily Calories 2.xcdatamodel"; sourceTree = "<group>"; };
		902818251D0E351300A4E16A /* FavViewController.swift */ = {isa = PBXFileReference; fileEncoding = 4; lastKnownFileType = sourcecode.swift; path = FavViewController.swift; sourceTree = "<group>"; };
		906535AA1D1DC870004F7514 /* LandscapeViewController.swift */ = {isa = PBXFileReference; fileEncoding = 4; lastKnownFileType = sourcecode.swift; path = LandscapeViewController.swift; sourceTree = "<group>"; };
		9075BF5B1D0CB1FB00F57575 /* HudView.swift */ = {isa = PBXFileReference; fileEncoding = 4; lastKnownFileType = sourcecode.swift; path = HudView.swift; sourceTree = "<group>"; };
		90847DBD1D1CBEFC00996E8C /* Daily Calories 3.xcdatamodel */ = {isa = PBXFileReference; lastKnownFileType = wrapper.xcdatamodel; path = "Daily Calories 3.xcdatamodel"; sourceTree = "<group>"; };
		9087CEDA1CEB6AE0006A1C63 /* RecordTableViewController.swift */ = {isa = PBXFileReference; fileEncoding = 4; lastKnownFileType = sourcecode.swift; path = RecordTableViewController.swift; sourceTree = "<group>"; };
		908C41151D0B5FBA00C70A02 /* Assets.xcassets */ = {isa = PBXFileReference; lastKnownFileType = folder.assetcatalog; path = Assets.xcassets; sourceTree = "<group>"; };
		908C41181D0B5FBA00C70A02 /* Base */ = {isa = PBXFileReference; lastKnownFileType = file.storyboard; name = Base; path = LaunchScreen.storyboard; sourceTree = "<group>"; };
		908C411A1D0B5FBA00C70A02 /* Base */ = {isa = PBXFileReference; lastKnownFileType = file.storyboard; name = Base; path = Main.storyboard; sourceTree = "<group>"; };
		908C411E1D0B5FBA00C70A02 /* Daily Calories.xcdatamodel */ = {isa = PBXFileReference; lastKnownFileType = wrapper.xcdatamodel; path = "Daily Calories.xcdatamodel"; sourceTree = "<group>"; };
		908C411F1D0B5FBA00C70A02 /* EmptyCell.xib */ = {isa = PBXFileReference; fileEncoding = 4; lastKnownFileType = file.xib; path = EmptyCell.xib; sourceTree = "<group>"; };
		908C41201D0B5FBA00C70A02 /* MyAlertController.swift */ = {isa = PBXFileReference; fileEncoding = 4; lastKnownFileType = sourcecode.swift; path = MyAlertController.swift; sourceTree = "<group>"; };
		90B8BC7E1CE397DE0083DF72 /* CalorieCount.app */ = {isa = PBXFileReference; explicitFileType = wrapper.application; includeInIndex = 0; path = CalorieCount.app; sourceTree = BUILT_PRODUCTS_DIR; };
		90B8BC811CE397DE0083DF72 /* AppDelegate.swift */ = {isa = PBXFileReference; lastKnownFileType = sourcecode.swift; path = AppDelegate.swift; sourceTree = "<group>"; };
		90B8BC831CE397DE0083DF72 /* CalorieCountViewController.swift */ = {isa = PBXFileReference; lastKnownFileType = sourcecode.swift; path = CalorieCountViewController.swift; sourceTree = "<group>"; };
		90B8BC861CE397DE0083DF72 /* Base */ = {isa = PBXFileReference; lastKnownFileType = file.storyboard; name = Base; path = Base.lproj/Main.storyboard; sourceTree = "<group>"; };
		90B8BC8E1CE397DE0083DF72 /* Base */ = {isa = PBXFileReference; lastKnownFileType = file.storyboard; name = Base; path = Base.lproj/LaunchScreen.storyboard; sourceTree = "<group>"; };
		90B8BC901CE397DE0083DF72 /* Info.plist */ = {isa = PBXFileReference; lastKnownFileType = text.plist.xml; path = Info.plist; sourceTree = "<group>"; };
		90B8BC961CE39C740083DF72 /* FoodCell.xib */ = {isa = PBXFileReference; fileEncoding = 4; lastKnownFileType = file.xib; path = FoodCell.xib; sourceTree = "<group>"; };
		90B8BC981CE3D4010083DF72 /* FoodCell.swift */ = {isa = PBXFileReference; fileEncoding = 4; lastKnownFileType = sourcecode.swift; path = FoodCell.swift; sourceTree = "<group>"; };
		90B8BC9A1CE3D8CD0083DF72 /* Food.swift */ = {isa = PBXFileReference; fileEncoding = 4; lastKnownFileType = sourcecode.swift; path = Food.swift; sourceTree = "<group>"; };
		90B8BC9C1CE4035B0083DF72 /* NetworkGrab.swift */ = {isa = PBXFileReference; fileEncoding = 4; lastKnownFileType = sourcecode.swift; path = NetworkGrab.swift; sourceTree = "<group>"; };
		90CD30CA1CFE30B60063A7B9 /* functions.swift */ = {isa = PBXFileReference; fileEncoding = 4; lastKnownFileType = sourcecode.swift; path = functions.swift; sourceTree = "<group>"; };
		90D11A1C1CE6A737005F8E13 /* DetailViewController.swift */ = {isa = PBXFileReference; fileEncoding = 4; lastKnownFileType = sourcecode.swift; path = DetailViewController.swift; sourceTree = "<group>"; };
		90D11A1E1CE6ABBA005F8E13 /* DetailPresentationController.swift */ = {isa = PBXFileReference; fileEncoding = 4; lastKnownFileType = sourcecode.swift; path = DetailPresentationController.swift; sourceTree = "<group>"; };
		90D11A201CE788DF005F8E13 /* CoreDataStack.swift */ = {isa = PBXFileReference; fileEncoding = 4; lastKnownFileType = sourcecode.swift; path = CoreDataStack.swift; sourceTree = "<group>"; };
		90D11A251CE790EC005F8E13 /* Day+CoreDataProperties.swift */ = {isa = PBXFileReference; fileEncoding = 4; lastKnownFileType = sourcecode.swift; path = "Day+CoreDataProperties.swift"; sourceTree = "<group>"; };
		90D11A261CE790EC005F8E13 /* Day.swift */ = {isa = PBXFileReference; fileEncoding = 4; lastKnownFileType = sourcecode.swift; path = Day.swift; sourceTree = "<group>"; };
		90D11A271CE790EC005F8E13 /* ItemConsumed+CoreDataProperties.swift */ = {isa = PBXFileReference; fileEncoding = 4; lastKnownFileType = sourcecode.swift; path = "ItemConsumed+CoreDataProperties.swift"; sourceTree = "<group>"; };
		90D11A281CE790EC005F8E13 /* ItemConsumed.swift */ = {isa = PBXFileReference; fileEncoding = 4; lastKnownFileType = sourcecode.swift; path = ItemConsumed.swift; sourceTree = "<group>"; };
		90F5B8EC1CE8DD790089E72E /* DailyConsumeTableViewController.swift */ = {isa = PBXFileReference; fileEncoding = 4; lastKnownFileType = sourcecode.swift; path = DailyConsumeTableViewController.swift; sourceTree = "<group>"; };
		BAE7559A3A4A5A735EFE7398 /* Pods-CalorieCount.release.xcconfig */ = {isa = PBXFileReference; includeInIndex = 1; lastKnownFileType = text.xcconfig; name = "Pods-CalorieCount.release.xcconfig"; path = "Pods/Target Support Files/Pods-CalorieCount/Pods-CalorieCount.release.xcconfig"; sourceTree = "<group>"; };
/* End PBXFileReference section */

/* Begin PBXFrameworksBuildPhase section */
		90B8BC7B1CE397DE0083DF72 /* Frameworks */ = {
			isa = PBXFrameworksBuildPhase;
			buildActionMask = 2147483647;
			files = (
				0A34407E64E10FE72F0DAE24 /* Pods_CalorieCount.framework in Frameworks */,
			);
			runOnlyForDeploymentPostprocessing = 0;
		};
/* End PBXFrameworksBuildPhase section */

/* Begin PBXGroup section */
		908C41161D0B5FBA00C70A02 /* Base.lproj */ = {
			isa = PBXGroup;
			children = (
				908C41171D0B5FBA00C70A02 /* LaunchScreen.storyboard */,
				908C41191D0B5FBA00C70A02 /* Main.storyboard */,
			);
			path = Base.lproj;
			sourceTree = "<group>";
		};
		90B8BC751CE397DE0083DF72 = {
			isa = PBXGroup;
			children = (
				90B8BC801CE397DE0083DF72 /* CalorieCount */,
				90B8BC7F1CE397DE0083DF72 /* Products */,
				CA3B78AF5D15C6F2ED3DCC6B /* Pods */,
				A2F52527E98EEA7263CF58CE /* Frameworks */,
			);
			sourceTree = "<group>";
		};
		90B8BC7F1CE397DE0083DF72 /* Products */ = {
			isa = PBXGroup;
			children = (
				90B8BC7E1CE397DE0083DF72 /* CalorieCount.app */,
			);
			name = Products;
			sourceTree = "<group>";
		};
		90B8BC801CE397DE0083DF72 /* CalorieCount */ = {
			isa = PBXGroup;
			children = (
				908C41151D0B5FBA00C70A02 /* Assets.xcassets */,
				908C41161D0B5FBA00C70A02 /* Base.lproj */,
				908C411D1D0B5FBA00C70A02 /* Daily Calories.xcdatamodeld */,
				908C411F1D0B5FBA00C70A02 /* EmptyCell.xib */,
				908C41201D0B5FBA00C70A02 /* MyAlertController.swift */,
				90D11A251CE790EC005F8E13 /* Day+CoreDataProperties.swift */,
				90D11A261CE790EC005F8E13 /* Day.swift */,
				90D11A271CE790EC005F8E13 /* ItemConsumed+CoreDataProperties.swift */,
				90D11A281CE790EC005F8E13 /* ItemConsumed.swift */,
				9087CEDA1CEB6AE0006A1C63 /* RecordTableViewController.swift */,
				90B8BC811CE397DE0083DF72 /* AppDelegate.swift */,
				90B8BC831CE397DE0083DF72 /* CalorieCountViewController.swift */,
				906535AA1D1DC870004F7514 /* LandscapeViewController.swift */,
				90B8BC9C1CE4035B0083DF72 /* NetworkGrab.swift */,
				90B8BC9A1CE3D8CD0083DF72 /* Food.swift */,
				90B8BC851CE397DE0083DF72 /* Main.storyboard */,
				9010A56B1D696228004A6C9D /* DIYListViewController.swift */,
				9010A56D1D696331004A6C9D /* EntryViewController.swift */,
				902818251D0E351300A4E16A /* FavViewController.swift */,
				9075BF5B1D0CB1FB00F57575 /* HudView.swift */,
				90F5B8EC1CE8DD790089E72E /* DailyConsumeTableViewController.swift */,
				90CD30CA1CFE30B60063A7B9 /* functions.swift */,
				90D11A1E1CE6ABBA005F8E13 /* DetailPresentationController.swift */,
				900596B51CFD0A25001E1321 /* DetailAnimationController.swift */,
				90D11A1C1CE6A737005F8E13 /* DetailViewController.swift */,
				90D11A201CE788DF005F8E13 /* CoreDataStack.swift */,
				90B8BC961CE39C740083DF72 /* FoodCell.xib */,
				90B8BC981CE3D4010083DF72 /* FoodCell.swift */,
				90B8BC8D1CE397DE0083DF72 /* LaunchScreen.storyboard */,
				90B8BC901CE397DE0083DF72 /* Info.plist */,
			);
			path = CalorieCount;
			sourceTree = "<group>";
		};
		A2F52527E98EEA7263CF58CE /* Frameworks */ = {
			isa = PBXGroup;
			children = (
				88C55B310F08CD7E0250B228 /* Pods_CalorieCount.framework */,
			);
			name = Frameworks;
			sourceTree = "<group>";
		};
		CA3B78AF5D15C6F2ED3DCC6B /* Pods */ = {
			isa = PBXGroup;
			children = (
				18920808592885C4B3F94796 /* Pods-CalorieCount.debug.xcconfig */,
				BAE7559A3A4A5A735EFE7398 /* Pods-CalorieCount.release.xcconfig */,
			);
			name = Pods;
			sourceTree = "<group>";
		};
/* End PBXGroup section */

/* Begin PBXNativeTarget section */
		90B8BC7D1CE397DE0083DF72 /* CalorieCount */ = {
			isa = PBXNativeTarget;
			buildConfigurationList = 90B8BC931CE397DE0083DF72 /* Build configuration list for PBXNativeTarget "CalorieCount" */;
			buildPhases = (
				1B0AC5AF883B2026CAB6DC97 /* [CP] Check Pods Manifest.lock */,
				90B8BC7A1CE397DE0083DF72 /* Sources */,
				90B8BC7B1CE397DE0083DF72 /* Frameworks */,
				90B8BC7C1CE397DE0083DF72 /* Resources */,
				23F4B13008CCD143B97D3DE7 /* [CP] Embed Pods Frameworks */,
				94A407743267689B777175F8 /* [CP] Copy Pods Resources */,
			);
			buildRules = (
			);
			dependencies = (
			);
			name = CalorieCount;
			productName = CalorieCount;
			productReference = 90B8BC7E1CE397DE0083DF72 /* CalorieCount.app */;
			productType = "com.apple.product-type.application";
		};
/* End PBXNativeTarget section */

/* Begin PBXProject section */
		90B8BC761CE397DE0083DF72 /* Project object */ = {
			isa = PBXProject;
			attributes = {
				LastSwiftUpdateCheck = 0730;
				LastUpgradeCheck = 0730;
				ORGANIZATIONNAME = "Yaxin Yuan";
				TargetAttributes = {
					90B8BC7D1CE397DE0083DF72 = {
						CreatedOnToolsVersion = 7.3.1;
						DevelopmentTeam = KG4ZLSV952;
					};
				};
			};
			buildConfigurationList = 90B8BC791CE397DE0083DF72 /* Build configuration list for PBXProject "CalorieCount" */;
			compatibilityVersion = "Xcode 3.2";
			developmentRegion = English;
			hasScannedForEncodings = 0;
			knownRegions = (
				en,
				Base,
			);
			mainGroup = 90B8BC751CE397DE0083DF72;
			productRefGroup = 90B8BC7F1CE397DE0083DF72 /* Products */;
			projectDirPath = "";
			projectRoot = "";
			targets = (
				90B8BC7D1CE397DE0083DF72 /* CalorieCount */,
			);
		};
/* End PBXProject section */

/* Begin PBXResourcesBuildPhase section */
		90B8BC7C1CE397DE0083DF72 /* Resources */ = {
			isa = PBXResourcesBuildPhase;
			buildActionMask = 2147483647;
			files = (
				908C41231D0B5FBA00C70A02 /* Main.storyboard in Resources */,
				90B8BC8F1CE397DE0083DF72 /* LaunchScreen.storyboard in Resources */,
				90B8BC971CE39C740083DF72 /* FoodCell.xib in Resources */,
				908C41221D0B5FBA00C70A02 /* LaunchScreen.storyboard in Resources */,
				908C41261D0B5FBA00C70A02 /* EmptyCell.xib in Resources */,
				90B8BC871CE397DE0083DF72 /* Main.storyboard in Resources */,
				908C41211D0B5FBA00C70A02 /* Assets.xcassets in Resources */,
			);
			runOnlyForDeploymentPostprocessing = 0;
		};
/* End PBXResourcesBuildPhase section */

/* Begin PBXShellScriptBuildPhase section */
		1B0AC5AF883B2026CAB6DC97 /* [CP] Check Pods Manifest.lock */ = {
			isa = PBXShellScriptBuildPhase;
			buildActionMask = 2147483647;
			files = (
			);
			inputPaths = (
			);
			name = "[CP] Check Pods Manifest.lock";
			outputPaths = (
			);
			runOnlyForDeploymentPostprocessing = 0;
			shellPath = /bin/sh;
			shellScript = "diff \"${PODS_ROOT}/../Podfile.lock\" \"${PODS_ROOT}/Manifest.lock\" > /dev/null\nif [[ $? != 0 ]] ; then\n    cat << EOM\nerror: The sandbox is not in sync with the Podfile.lock. Run 'pod install' or update your CocoaPods installation.\nEOM\n    exit 1\nfi\n";
			showEnvVarsInLog = 0;
		};
		23F4B13008CCD143B97D3DE7 /* [CP] Embed Pods Frameworks */ = {
			isa = PBXShellScriptBuildPhase;
			buildActionMask = 2147483647;
			files = (
			);
			inputPaths = (
			);
			name = "[CP] Embed Pods Frameworks";
			outputPaths = (
			);
			runOnlyForDeploymentPostprocessing = 0;
			shellPath = /bin/sh;
			shellScript = "\"${SRCROOT}/Pods/Target Support Files/Pods-CalorieCount/Pods-CalorieCount-frameworks.sh\"\n";
			showEnvVarsInLog = 0;
		};
		94A407743267689B777175F8 /* [CP] Copy Pods Resources */ = {
			isa = PBXShellScriptBuildPhase;
			buildActionMask = 2147483647;
			files = (
			);
			inputPaths = (
			);
			name = "[CP] Copy Pods Resources";
			outputPaths = (
			);
			runOnlyForDeploymentPostprocessing = 0;
			shellPath = /bin/sh;
			shellScript = "\"${SRCROOT}/Pods/Target Support Files/Pods-CalorieCount/Pods-CalorieCount-resources.sh\"\n";
			showEnvVarsInLog = 0;
		};
/* End PBXShellScriptBuildPhase section */

/* Begin PBXSourcesBuildPhase section */
		90B8BC7A1CE397DE0083DF72 /* Sources */ = {
			isa = PBXSourcesBuildPhase;
			buildActionMask = 2147483647;
			files = (
				90D11A1F1CE6ABBA005F8E13 /* DetailPresentationController.swift in Sources */,
				9010A56C1D696228004A6C9D /* DIYListViewController.swift in Sources */,
				908C41271D0B5FBA00C70A02 /* MyAlertController.swift in Sources */,
				90D11A2A1CE790EC005F8E13 /* Day.swift in Sources */,
				900596B61CFD0A25001E1321 /* DetailAnimationController.swift in Sources */,
				9075BF5C1D0CB1FB00F57575 /* HudView.swift in Sources */,
				90CD30CB1CFE30B60063A7B9 /* functions.swift in Sources */,
				90F5B8ED1CE8DD790089E72E /* DailyConsumeTableViewController.swift in Sources */,
				9087CEDB1CEB6AE0006A1C63 /* RecordTableViewController.swift in Sources */,
				90D11A2B1CE790EC005F8E13 /* ItemConsumed+CoreDataProperties.swift in Sources */,
				902818261D0E351300A4E16A /* FavViewController.swift in Sources */,
				90D11A291CE790EC005F8E13 /* Day+CoreDataProperties.swift in Sources */,
				90B8BC991CE3D4010083DF72 /* FoodCell.swift in Sources */,
				908C41251D0B5FBA00C70A02 /* Daily Calories.xcdatamodeld in Sources */,
				90D11A211CE788DF005F8E13 /* CoreDataStack.swift in Sources */,
				90D11A2C1CE790EC005F8E13 /* ItemConsumed.swift in Sources */,
				906535AB1D1DC870004F7514 /* LandscapeViewController.swift in Sources */,
				90B8BC9D1CE4035B0083DF72 /* NetworkGrab.swift in Sources */,
				9010A56E1D696331004A6C9D /* EntryViewController.swift in Sources */,
				90B8BC9B1CE3D8CD0083DF72 /* Food.swift in Sources */,
				90B8BC841CE397DE0083DF72 /* CalorieCountViewController.swift in Sources */,
				90B8BC821CE397DE0083DF72 /* AppDelegate.swift in Sources */,
				90D11A1D1CE6A737005F8E13 /* DetailViewController.swift in Sources */,
			);
			runOnlyForDeploymentPostprocessing = 0;
		};
/* End PBXSourcesBuildPhase section */

/* Begin PBXVariantGroup section */
		908C41171D0B5FBA00C70A02 /* LaunchScreen.storyboard */ = {
			isa = PBXVariantGroup;
			children = (
				908C41181D0B5FBA00C70A02 /* Base */,
			);
			name = LaunchScreen.storyboard;
			sourceTree = "<group>";
		};
		908C41191D0B5FBA00C70A02 /* Main.storyboard */ = {
			isa = PBXVariantGroup;
			children = (
				908C411A1D0B5FBA00C70A02 /* Base */,
			);
			name = Main.storyboard;
			sourceTree = "<group>";
		};
		90B8BC851CE397DE0083DF72 /* Main.storyboard */ = {
			isa = PBXVariantGroup;
			children = (
				90B8BC861CE397DE0083DF72 /* Base */,
			);
			name = Main.storyboard;
			sourceTree = "<group>";
		};
		90B8BC8D1CE397DE0083DF72 /* LaunchScreen.storyboard */ = {
			isa = PBXVariantGroup;
			children = (
				90B8BC8E1CE397DE0083DF72 /* Base */,
			);
			name = LaunchScreen.storyboard;
			sourceTree = "<group>";
		};
/* End PBXVariantGroup section */

/* Begin XCBuildConfiguration section */
		90B8BC911CE397DE0083DF72 /* Debug */ = {
			isa = XCBuildConfiguration;
			buildSettings = {
				ALWAYS_SEARCH_USER_PATHS = NO;
				CLANG_ANALYZER_NONNULL = YES;
				CLANG_CXX_LANGUAGE_STANDARD = "gnu++0x";
				CLANG_CXX_LIBRARY = "libc++";
				CLANG_ENABLE_MODULES = YES;
				CLANG_ENABLE_OBJC_ARC = YES;
				CLANG_WARN_BOOL_CONVERSION = YES;
				CLANG_WARN_CONSTANT_CONVERSION = YES;
				CLANG_WARN_DIRECT_OBJC_ISA_USAGE = YES_ERROR;
				CLANG_WARN_EMPTY_BODY = YES;
				CLANG_WARN_ENUM_CONVERSION = YES;
				CLANG_WARN_INT_CONVERSION = YES;
				CLANG_WARN_OBJC_ROOT_CLASS = YES_ERROR;
				CLANG_WARN_UNREACHABLE_CODE = YES;
				CLANG_WARN__DUPLICATE_METHOD_MATCH = YES;
				"CODE_SIGN_IDENTITY[sdk=iphoneos*]" = "iPhone Developer";
				COPY_PHASE_STRIP = NO;
				DEBUG_INFORMATION_FORMAT = dwarf;
				ENABLE_STRICT_OBJC_MSGSEND = YES;
				ENABLE_TESTABILITY = YES;
				GCC_C_LANGUAGE_STANDARD = gnu99;
				GCC_DYNAMIC_NO_PIC = NO;
				GCC_NO_COMMON_BLOCKS = YES;
				GCC_OPTIMIZATION_LEVEL = 0;
				GCC_PREPROCESSOR_DEFINITIONS = (
					"DEBUG=1",
					"$(inherited)",
				);
				GCC_WARN_64_TO_32_BIT_CONVERSION = YES;
				GCC_WARN_ABOUT_RETURN_TYPE = YES_ERROR;
				GCC_WARN_UNDECLARED_SELECTOR = YES;
				GCC_WARN_UNINITIALIZED_AUTOS = YES_AGGRESSIVE;
				GCC_WARN_UNUSED_FUNCTION = YES;
				GCC_WARN_UNUSED_VARIABLE = YES;
				IPHONEOS_DEPLOYMENT_TARGET = 9.3;
				MTL_ENABLE_DEBUG_INFO = YES;
				ONLY_ACTIVE_ARCH = YES;
				SDKROOT = iphoneos;
				SWIFT_OPTIMIZATION_LEVEL = "-Onone";
			};
			name = Debug;
		};
		90B8BC921CE397DE0083DF72 /* Release */ = {
			isa = XCBuildConfiguration;
			buildSettings = {
				ALWAYS_SEARCH_USER_PATHS = NO;
				CLANG_ANALYZER_NONNULL = YES;
				CLANG_CXX_LANGUAGE_STANDARD = "gnu++0x";
				CLANG_CXX_LIBRARY = "libc++";
				CLANG_ENABLE_MODULES = YES;
				CLANG_ENABLE_OBJC_ARC = YES;
				CLANG_WARN_BOOL_CONVERSION = YES;
				CLANG_WARN_CONSTANT_CONVERSION = YES;
				CLANG_WARN_DIRECT_OBJC_ISA_USAGE = YES_ERROR;
				CLANG_WARN_EMPTY_BODY = YES;
				CLANG_WARN_ENUM_CONVERSION = YES;
				CLANG_WARN_INT_CONVERSION = YES;
				CLANG_WARN_OBJC_ROOT_CLASS = YES_ERROR;
				CLANG_WARN_UNREACHABLE_CODE = YES;
				CLANG_WARN__DUPLICATE_METHOD_MATCH = YES;
				"CODE_SIGN_IDENTITY[sdk=iphoneos*]" = "iPhone Developer";
				COPY_PHASE_STRIP = NO;
				DEBUG_INFORMATION_FORMAT = "dwarf-with-dsym";
				ENABLE_NS_ASSERTIONS = NO;
				ENABLE_STRICT_OBJC_MSGSEND = YES;
				GCC_C_LANGUAGE_STANDARD = gnu99;
				GCC_NO_COMMON_BLOCKS = YES;
				GCC_WARN_64_TO_32_BIT_CONVERSION = YES;
				GCC_WARN_ABOUT_RETURN_TYPE = YES_ERROR;
				GCC_WARN_UNDECLARED_SELECTOR = YES;
				GCC_WARN_UNINITIALIZED_AUTOS = YES_AGGRESSIVE;
				GCC_WARN_UNUSED_FUNCTION = YES;
				GCC_WARN_UNUSED_VARIABLE = YES;
				IPHONEOS_DEPLOYMENT_TARGET = 9.3;
				MTL_ENABLE_DEBUG_INFO = NO;
				SDKROOT = iphoneos;
				VALIDATE_PRODUCT = YES;
			};
			name = Release;
		};
		90B8BC941CE397DE0083DF72 /* Debug */ = {
			isa = XCBuildConfiguration;
			baseConfigurationReference = 18920808592885C4B3F94796 /* Pods-CalorieCount.debug.xcconfig */;
			buildSettings = {
				ASSETCATALOG_COMPILER_APPICON_NAME = AppIcon;
				CODE_SIGN_IDENTITY = "iPhone Developer";
				INFOPLIST_FILE = CalorieCount/Info.plist;
				LD_RUNPATH_SEARCH_PATHS = "$(inherited) @executable_path/Frameworks";
				PRODUCT_BUNDLE_IDENTIFIER = JYuan.CalorieCount;
				PRODUCT_NAME = "$(TARGET_NAME)";
			};
			name = Debug;
		};
		90B8BC951CE397DE0083DF72 /* Release */ = {
			isa = XCBuildConfiguration;
			baseConfigurationReference = BAE7559A3A4A5A735EFE7398 /* Pods-CalorieCount.release.xcconfig */;
			buildSettings = {
				ASSETCATALOG_COMPILER_APPICON_NAME = AppIcon;
				CODE_SIGN_IDENTITY = "iPhone Developer";
				INFOPLIST_FILE = CalorieCount/Info.plist;
				LD_RUNPATH_SEARCH_PATHS = "$(inherited) @executable_path/Frameworks";
				PRODUCT_BUNDLE_IDENTIFIER = JYuan.CalorieCount;
				PRODUCT_NAME = "$(TARGET_NAME)";
			};
			name = Release;
		};
/* End XCBuildConfiguration section */

/* Begin XCConfigurationList section */
		90B8BC791CE397DE0083DF72 /* Build configuration list for PBXProject "CalorieCount" */ = {
			isa = XCConfigurationList;
			buildConfigurations = (
				90B8BC911CE397DE0083DF72 /* Debug */,
				90B8BC921CE397DE0083DF72 /* Release */,
			);
			defaultConfigurationIsVisible = 0;
			defaultConfigurationName = Release;
		};
		90B8BC931CE397DE0083DF72 /* Build configuration list for PBXNativeTarget "CalorieCount" */ = {
			isa = XCConfigurationList;
			buildConfigurations = (
				90B8BC941CE397DE0083DF72 /* Debug */,
				90B8BC951CE397DE0083DF72 /* Release */,
			);
			defaultConfigurationIsVisible = 0;
			defaultConfigurationName = Release;
		};
/* End XCConfigurationList section */

/* Begin XCVersionGroup section */
		908C411D1D0B5FBA00C70A02 /* Daily Calories.xcdatamodeld */ = {
			isa = XCVersionGroup;
			children = (
				90847DBD1D1CBEFC00996E8C /* Daily Calories 3.xcdatamodel */,
				902818241D0E1C1D00A4E16A /* Daily Calories 2.xcdatamodel */,
				908C411E1D0B5FBA00C70A02 /* Daily Calories.xcdatamodel */,
			);
			currentVersion = 90847DBD1D1CBEFC00996E8C /* Daily Calories 3.xcdatamodel */;
			path = "Daily Calories.xcdatamodeld";
			sourceTree = "<group>";
			versionGroupType = wrapper.xcdatamodel;
		};
/* End XCVersionGroup section */
	};
	rootObject = 90B8BC761CE397DE0083DF72 /* Project object */;
}
