// !$*UTF8*$!
{
	archiveVersion = 1;
	classes = {
	};
	objectVersion = 46;
	objects = {

/* Begin PBXBuildFile section */
		90B8BC821CE397DE0083DF72 /* AppDelegate.swift in Sources */ = {isa = PBXBuildFile; fileRef = 90B8BC811CE397DE0083DF72 /* AppDelegate.swift */; };
		90B8BC841CE397DE0083DF72 /* CalorieCountViewController.swift in Sources */ = {isa = PBXBuildFile; fileRef = 90B8BC831CE397DE0083DF72 /* CalorieCountViewController.swift */; };
		90B8BC871CE397DE0083DF72 /* Main.storyboard in Resources */ = {isa = PBXBuildFile; fileRef = 90B8BC851CE397DE0083DF72 /* Main.storyboard */; };
		90B8BC8A1CE397DE0083DF72 /* CalorieCount.xcdatamodeld in Sources */ = {isa = PBXBuildFile; fileRef = 90B8BC881CE397DE0083DF72 /* CalorieCount.xcdatamodeld */; };
		90B8BC8C1CE397DE0083DF72 /* Assets.xcassets in Resources */ = {isa = PBXBuildFile; fileRef = 90B8BC8B1CE397DE0083DF72 /* Assets.xcassets */; };
		90B8BC8F1CE397DE0083DF72 /* LaunchScreen.storyboard in Resources */ = {isa = PBXBuildFile; fileRef = 90B8BC8D1CE397DE0083DF72 /* LaunchScreen.storyboard */; };
		90B8BC971CE39C740083DF72 /* FoodCell.xib in Resources */ = {isa = PBXBuildFile; fileRef = 90B8BC961CE39C740083DF72 /* FoodCell.xib */; };
		90B8BC991CE3D4010083DF72 /* FoodCell.swift in Sources */ = {isa = PBXBuildFile; fileRef = 90B8BC981CE3D4010083DF72 /* FoodCell.swift */; };
		90B8BC9B1CE3D8CD0083DF72 /* Food.swift in Sources */ = {isa = PBXBuildFile; fileRef = 90B8BC9A1CE3D8CD0083DF72 /* Food.swift */; };
		90B8BC9D1CE4035B0083DF72 /* NetworkGrab.swift in Sources */ = {isa = PBXBuildFile; fileRef = 90B8BC9C1CE4035B0083DF72 /* NetworkGrab.swift */; };
		90D11A1D1CE6A737005F8E13 /* DetailViewController.swift in Sources */ = {isa = PBXBuildFile; fileRef = 90D11A1C1CE6A737005F8E13 /* DetailViewController.swift */; };
		90D11A1F1CE6ABBA005F8E13 /* DetailPresentationController.swift in Sources */ = {isa = PBXBuildFile; fileRef = 90D11A1E1CE6ABBA005F8E13 /* DetailPresentationController.swift */; };
/* End PBXBuildFile section */

/* Begin PBXFileReference section */
		90B8BC7E1CE397DE0083DF72 /* CalorieCount.app */ = {isa = PBXFileReference; explicitFileType = wrapper.application; includeInIndex = 0; path = CalorieCount.app; sourceTree = BUILT_PRODUCTS_DIR; };
		90B8BC811CE397DE0083DF72 /* AppDelegate.swift */ = {isa = PBXFileReference; lastKnownFileType = sourcecode.swift; path = AppDelegate.swift; sourceTree = "<group>"; };
		90B8BC831CE397DE0083DF72 /* CalorieCountViewController.swift */ = {isa = PBXFileReference; lastKnownFileType = sourcecode.swift; path = CalorieCountViewController.swift; sourceTree = "<group>"; };
		90B8BC861CE397DE0083DF72 /* Base */ = {isa = PBXFileReference; lastKnownFileType = file.storyboard; name = Base; path = Base.lproj/Main.storyboard; sourceTree = "<group>"; };
		90B8BC891CE397DE0083DF72 /* CalorieCount.xcdatamodel */ = {isa = PBXFileReference; lastKnownFileType = wrapper.xcdatamodel; path = CalorieCount.xcdatamodel; sourceTree = "<group>"; };
		90B8BC8B1CE397DE0083DF72 /* Assets.xcassets */ = {isa = PBXFileReference; lastKnownFileType = folder.assetcatalog; path = Assets.xcassets; sourceTree = "<group>"; };
		90B8BC8E1CE397DE0083DF72 /* Base */ = {isa = PBXFileReference; lastKnownFileType = file.storyboard; name = Base; path = Base.lproj/LaunchScreen.storyboard; sourceTree = "<group>"; };
		90B8BC901CE397DE0083DF72 /* Info.plist */ = {isa = PBXFileReference; lastKnownFileType = text.plist.xml; path = Info.plist; sourceTree = "<group>"; };
		90B8BC961CE39C740083DF72 /* FoodCell.xib */ = {isa = PBXFileReference; fileEncoding = 4; lastKnownFileType = file.xib; path = FoodCell.xib; sourceTree = "<group>"; };
		90B8BC981CE3D4010083DF72 /* FoodCell.swift */ = {isa = PBXFileReference; fileEncoding = 4; lastKnownFileType = sourcecode.swift; path = FoodCell.swift; sourceTree = "<group>"; };
		90B8BC9A1CE3D8CD0083DF72 /* Food.swift */ = {isa = PBXFileReference; fileEncoding = 4; lastKnownFileType = sourcecode.swift; path = Food.swift; sourceTree = "<group>"; };
		90B8BC9C1CE4035B0083DF72 /* NetworkGrab.swift */ = {isa = PBXFileReference; fileEncoding = 4; lastKnownFileType = sourcecode.swift; path = NetworkGrab.swift; sourceTree = "<group>"; };
		90D11A1C1CE6A737005F8E13 /* DetailViewController.swift */ = {isa = PBXFileReference; fileEncoding = 4; lastKnownFileType = sourcecode.swift; path = DetailViewController.swift; sourceTree = "<group>"; };
		90D11A1E1CE6ABBA005F8E13 /* DetailPresentationController.swift */ = {isa = PBXFileReference; fileEncoding = 4; lastKnownFileType = sourcecode.swift; path = DetailPresentationController.swift; sourceTree = "<group>"; };
/* End PBXFileReference section */

/* Begin PBXFrameworksBuildPhase section */
		90B8BC7B1CE397DE0083DF72 /* Frameworks */ = {
			isa = PBXFrameworksBuildPhase;
			buildActionMask = 2147483647;
			files = (
			);
			runOnlyForDeploymentPostprocessing = 0;
		};
/* End PBXFrameworksBuildPhase section */

/* Begin PBXGroup section */
		90B8BC751CE397DE0083DF72 = {
			isa = PBXGroup;
			children = (
				90B8BC801CE397DE0083DF72 /* CalorieCount */,
				90B8BC7F1CE397DE0083DF72 /* Products */,
			);
			sourceTree = "<group>";
		};
		90B8BC7F1CE397DE0083DF72 /* Products */ = {
			isa = PBXGroup;
			children = (
				90B8BC7E1CE397DE0083DF72 /* CalorieCount.app */,
			);
			name = Products;
			sourceTree = "<group>";
		};
		90B8BC801CE397DE0083DF72 /* CalorieCount */ = {
			isa = PBXGroup;
			children = (
				90B8BC811CE397DE0083DF72 /* AppDelegate.swift */,
				90B8BC831CE397DE0083DF72 /* CalorieCountViewController.swift */,
				90B8BC9C1CE4035B0083DF72 /* NetworkGrab.swift */,
				90B8BC9A1CE3D8CD0083DF72 /* Food.swift */,
				90B8BC851CE397DE0083DF72 /* Main.storyboard */,
				90D11A1E1CE6ABBA005F8E13 /* DetailPresentationController.swift */,
				90D11A1C1CE6A737005F8E13 /* DetailViewController.swift */,
				90B8BC961CE39C740083DF72 /* FoodCell.xib */,
				90B8BC981CE3D4010083DF72 /* FoodCell.swift */,
				90B8BC8B1CE397DE0083DF72 /* Assets.xcassets */,
				90B8BC8D1CE397DE0083DF72 /* LaunchScreen.storyboard */,
				90B8BC901CE397DE0083DF72 /* Info.plist */,
				90B8BC881CE397DE0083DF72 /* CalorieCount.xcdatamodeld */,
			);
			path = CalorieCount;
			sourceTree = "<group>";
		};
/* End PBXGroup section */

/* Begin PBXNativeTarget section */
		90B8BC7D1CE397DE0083DF72 /* CalorieCount */ = {
			isa = PBXNativeTarget;
			buildConfigurationList = 90B8BC931CE397DE0083DF72 /* Build configuration list for PBXNativeTarget "CalorieCount" */;
			buildPhases = (
				90B8BC7A1CE397DE0083DF72 /* Sources */,
				90B8BC7B1CE397DE0083DF72 /* Frameworks */,
				90B8BC7C1CE397DE0083DF72 /* Resources */,
			);
			buildRules = (
			);
			dependencies = (
			);
			name = CalorieCount;
			productName = CalorieCount;
			productReference = 90B8BC7E1CE397DE0083DF72 /* CalorieCount.app */;
			productType = "com.apple.product-type.application";
		};
/* End PBXNativeTarget section */

/* Begin PBXProject section */
		90B8BC761CE397DE0083DF72 /* Project object */ = {
			isa = PBXProject;
			attributes = {
				LastSwiftUpdateCheck = 0730;
				LastUpgradeCheck = 0730;
				ORGANIZATIONNAME = "Yaxin Yuan";
				TargetAttributes = {
					90B8BC7D1CE397DE0083DF72 = {
						CreatedOnToolsVersion = 7.3.1;
					};
				};
			};
			buildConfigurationList = 90B8BC791CE397DE0083DF72 /* Build configuration list for PBXProject "CalorieCount" */;
			compatibilityVersion = "Xcode 3.2";
			developmentRegion = English;
			hasScannedForEncodings = 0;
			knownRegions = (
				en,
				Base,
			);
			mainGroup = 90B8BC751CE397DE0083DF72;
			productRefGroup = 90B8BC7F1CE397DE0083DF72 /* Products */;
			projectDirPath = "";
			projectRoot = "";
			targets = (
				90B8BC7D1CE397DE0083DF72 /* CalorieCount */,
			);
		};
/* End PBXProject section */

/* Begin PBXResourcesBuildPhase section */
		90B8BC7C1CE397DE0083DF72 /* Resources */ = {
			isa = PBXResourcesBuildPhase;
			buildActionMask = 2147483647;
			files = (
				90B8BC8F1CE397DE0083DF72 /* LaunchScreen.storyboard in Resources */,
				90B8BC971CE39C740083DF72 /* FoodCell.xib in Resources */,
				90B8BC8C1CE397DE0083DF72 /* Assets.xcassets in Resources */,
				90B8BC871CE397DE0083DF72 /* Main.storyboard in Resources */,
			);
			runOnlyForDeploymentPostprocessing = 0;
		};
/* End PBXResourcesBuildPhase section */

/* Begin PBXSourcesBuildPhase section */
		90B8BC7A1CE397DE0083DF72 /* Sources */ = {
			isa = PBXSourcesBuildPhase;
			buildActionMask = 2147483647;
			files = (
				90D11A1F1CE6ABBA005F8E13 /* DetailPresentationController.swift in Sources */,
				90B8BC8A1CE397DE0083DF72 /* CalorieCount.xcdatamodeld in Sources */,
				90B8BC991CE3D4010083DF72 /* FoodCell.swift in Sources */,
				90B8BC9D1CE4035B0083DF72 /* NetworkGrab.swift in Sources */,
				90B8BC9B1CE3D8CD0083DF72 /* Food.swift in Sources */,
				90B8BC841CE397DE0083DF72 /* CalorieCountViewController.swift in Sources */,
				90B8BC821CE397DE0083DF72 /* AppDelegate.swift in Sources */,
				90D11A1D1CE6A737005F8E13 /* DetailViewController.swift in Sources */,
			);
			runOnlyForDeploymentPostprocessing = 0;
		};
/* End PBXSourcesBuildPhase section */

/* Begin PBXVariantGroup section */
		90B8BC851CE397DE0083DF72 /* Main.storyboard */ = {
			isa = PBXVariantGroup;
			children = (
				90B8BC861CE397DE0083DF72 /* Base */,
			);
			name = Main.storyboard;
			sourceTree = "<group>";
		};
		90B8BC8D1CE397DE0083DF72 /* LaunchScreen.storyboard */ = {
			isa = PBXVariantGroup;
			children = (
				90B8BC8E1CE397DE0083DF72 /* Base */,
			);
			name = LaunchScreen.storyboard;
			sourceTree = "<group>";
		};
/* End PBXVariantGroup section */

/* Begin XCBuildConfiguration section */
		90B8BC911CE397DE0083DF72 /* Debug */ = {
			isa = XCBuildConfiguration;
			buildSettings = {
				ALWAYS_SEARCH_USER_PATHS = NO;
				CLANG_ANALYZER_NONNULL = YES;
				CLANG_CXX_LANGUAGE_STANDARD = "gnu++0x";
				CLANG_CXX_LIBRARY = "libc++";
				CLANG_ENABLE_MODULES = YES;
				CLANG_ENABLE_OBJC_ARC = YES;
				CLANG_WARN_BOOL_CONVERSION = YES;
				CLANG_WARN_CONSTANT_CONVERSION = YES;
				CLANG_WARN_DIRECT_OBJC_ISA_USAGE = YES_ERROR;
				CLANG_WARN_EMPTY_BODY = YES;
				CLANG_WARN_ENUM_CONVERSION = YES;
				CLANG_WARN_INT_CONVERSION = YES;
				CLANG_WARN_OBJC_ROOT_CLASS = YES_ERROR;
				CLANG_WARN_UNREACHABLE_CODE = YES;
				CLANG_WARN__DUPLICATE_METHOD_MATCH = YES;
				"CODE_SIGN_IDENTITY[sdk=iphoneos*]" = "iPhone Developer";
				COPY_PHASE_STRIP = NO;
				DEBUG_INFORMATION_FORMAT = dwarf;
				ENABLE_STRICT_OBJC_MSGSEND = YES;
				ENABLE_TESTABILITY = YES;
				GCC_C_LANGUAGE_STANDARD = gnu99;
				GCC_DYNAMIC_NO_PIC = NO;
				GCC_NO_COMMON_BLOCKS = YES;
				GCC_OPTIMIZATION_LEVEL = 0;
				GCC_PREPROCESSOR_DEFINITIONS = (
					"DEBUG=1",
					"$(inherited)",
				);
				GCC_WARN_64_TO_32_BIT_CONVERSION = YES;
				GCC_WARN_ABOUT_RETURN_TYPE = YES_ERROR;
				GCC_WARN_UNDECLARED_SELECTOR = YES;
				GCC_WARN_UNINITIALIZED_AUTOS = YES_AGGRESSIVE;
				GCC_WARN_UNUSED_FUNCTION = YES;
				GCC_WARN_UNUSED_VARIABLE = YES;
				IPHONEOS_DEPLOYMENT_TARGET = 9.3;
				MTL_ENABLE_DEBUG_INFO = YES;
				ONLY_ACTIVE_ARCH = YES;
				SDKROOT = iphoneos;
				SWIFT_OPTIMIZATION_LEVEL = "-Onone";
			};
			name = Debug;
		};
		90B8BC921CE397DE0083DF72 /* Release */ = {
			isa = XCBuildConfiguration;
			buildSettings = {
				ALWAYS_SEARCH_USER_PATHS = NO;
				CLANG_ANALYZER_NONNULL = YES;
				CLANG_CXX_LANGUAGE_STANDARD = "gnu++0x";
				CLANG_CXX_LIBRARY = "libc++";
				CLANG_ENABLE_MODULES = YES;
				CLANG_ENABLE_OBJC_ARC = YES;
				CLANG_WARN_BOOL_CONVERSION = YES;
				CLANG_WARN_CONSTANT_CONVERSION = YES;
				CLANG_WARN_DIRECT_OBJC_ISA_USAGE = YES_ERROR;
				CLANG_WARN_EMPTY_BODY = YES;
				CLANG_WARN_ENUM_CONVERSION = YES;
				CLANG_WARN_INT_CONVERSION = YES;
				CLANG_WARN_OBJC_ROOT_CLASS = YES_ERROR;
				CLANG_WARN_UNREACHABLE_CODE = YES;
				CLANG_WARN__DUPLICATE_METHOD_MATCH = YES;
				"CODE_SIGN_IDENTITY[sdk=iphoneos*]" = "iPhone Developer";
				COPY_PHASE_STRIP = NO;
				DEBUG_INFORMATION_FORMAT = "dwarf-with-dsym";
				ENABLE_NS_ASSERTIONS = NO;
				ENABLE_STRICT_OBJC_MSGSEND = YES;
				GCC_C_LANGUAGE_STANDARD = gnu99;
				GCC_NO_COMMON_BLOCKS = YES;
				GCC_WARN_64_TO_32_BIT_CONVERSION = YES;
				GCC_WARN_ABOUT_RETURN_TYPE = YES_ERROR;
				GCC_WARN_UNDECLARED_SELECTOR = YES;
				GCC_WARN_UNINITIALIZED_AUTOS = YES_AGGRESSIVE;
				GCC_WARN_UNUSED_FUNCTION = YES;
				GCC_WARN_UNUSED_VARIABLE = YES;
				IPHONEOS_DEPLOYMENT_TARGET = 9.3;
				MTL_ENABLE_DEBUG_INFO = NO;
				SDKROOT = iphoneos;
				VALIDATE_PRODUCT = YES;
			};
			name = Release;
		};
		90B8BC941CE397DE0083DF72 /* Debug */ = {
			isa = XCBuildConfiguration;
			buildSettings = {
				ASSETCATALOG_COMPILER_APPICON_NAME = AppIcon;
				INFOPLIST_FILE = CalorieCount/Info.plist;
				LD_RUNPATH_SEARCH_PATHS = "$(inherited) @executable_path/Frameworks";
				PRODUCT_BUNDLE_IDENTIFIER = JYuan.CalorieCount;
				PRODUCT_NAME = "$(TARGET_NAME)";
			};
			name = Debug;
		};
		90B8BC951CE397DE0083DF72 /* Release */ = {
			isa = XCBuildConfiguration;
			buildSettings = {
				ASSETCATALOG_COMPILER_APPICON_NAME = AppIcon;
				INFOPLIST_FILE = CalorieCount/Info.plist;
				LD_RUNPATH_SEARCH_PATHS = "$(inherited) @executable_path/Frameworks";
				PRODUCT_BUNDLE_IDENTIFIER = JYuan.CalorieCount;
				PRODUCT_NAME = "$(TARGET_NAME)";
			};
			name = Release;
		};
/* End XCBuildConfiguration section */

/* Begin XCConfigurationList section */
		90B8BC791CE397DE0083DF72 /* Build configuration list for PBXProject "CalorieCount" */ = {
			isa = XCConfigurationList;
			buildConfigurations = (
				90B8BC911CE397DE0083DF72 /* Debug */,
				90B8BC921CE397DE0083DF72 /* Release */,
			);
			defaultConfigurationIsVisible = 0;
			defaultConfigurationName = Release;
		};
		90B8BC931CE397DE0083DF72 /* Build configuration list for PBXNativeTarget "CalorieCount" */ = {
			isa = XCConfigurationList;
			buildConfigurations = (
				90B8BC941CE397DE0083DF72 /* Debug */,
				90B8BC951CE397DE0083DF72 /* Release */,
			);
			defaultConfigurationIsVisible = 0;
			defaultConfigurationName = Release;
		};
/* End XCConfigurationList section */

/* Begin XCVersionGroup section */
		90B8BC881CE397DE0083DF72 /* CalorieCount.xcdatamodeld */ = {
			isa = XCVersionGroup;
			children = (
				90B8BC891CE397DE0083DF72 /* CalorieCount.xcdatamodel */,
			);
			currentVersion = 90B8BC891CE397DE0083DF72 /* CalorieCount.xcdatamodel */;
			path = CalorieCount.xcdatamodeld;
			sourceTree = "<group>";
			versionGroupType = wrapper.xcdatamodel;
		};
/* End XCVersionGroup section */
	};
	rootObject = 90B8BC761CE397DE0083DF72 /* Project object */;
}
